// !$*UTF8*$!
{
	archiveVersion = 1;
	classes = {
	};
	objectVersion = 56;
	objects = {

/* Begin PBXBuildFile section */
		00396B762B644A5A00E683FD /* GoogleService-Info.plist in Resources */ = {isa = PBXBuildFile; fileRef = 00396B752B644A5A00E683FD /* GoogleService-Info.plist */; };
		007870B92B6A18AC0020077D /* Alert+Error.swift in Sources */ = {isa = PBXBuildFile; fileRef = 007870B82B6A18AC0020077D /* Alert+Error.swift */; };
		007870BB2B6AB4290020077D /* PostRowViewModel.swift in Sources */ = {isa = PBXBuildFile; fileRef = 007870BA2B6AB4290020077D /* PostRowViewModel.swift */; };
		00B184B22B5EDE76004499D3 /* SocialAcademyApp.swift in Sources */ = {isa = PBXBuildFile; fileRef = 00B184B12B5EDE76004499D3 /* SocialAcademyApp.swift */; };
		00B184B62B5EDE77004499D3 /* Assets.xcassets in Resources */ = {isa = PBXBuildFile; fileRef = 00B184B52B5EDE77004499D3 /* Assets.xcassets */; };
		00B184B92B5EDE77004499D3 /* Preview Assets.xcassets in Resources */ = {isa = PBXBuildFile; fileRef = 00B184B82B5EDE77004499D3 /* Preview Assets.xcassets */; };
		00B184C12B5EDFDB004499D3 /* FirebaseAnalytics in Frameworks */ = {isa = PBXBuildFile; productRef = 00B184C02B5EDFDB004499D3 /* FirebaseAnalytics */; };
		00B184C32B5EDFDB004499D3 /* FirebaseAnalyticsOnDeviceConversion in Frameworks */ = {isa = PBXBuildFile; productRef = 00B184C22B5EDFDB004499D3 /* FirebaseAnalyticsOnDeviceConversion */; };
		00B184C52B5EDFDB004499D3 /* FirebaseAnalyticsSwift in Frameworks */ = {isa = PBXBuildFile; productRef = 00B184C42B5EDFDB004499D3 /* FirebaseAnalyticsSwift */; };
		00B184C72B5EDFDB004499D3 /* FirebaseAnalyticsWithoutAdIdSupport in Frameworks */ = {isa = PBXBuildFile; productRef = 00B184C62B5EDFDB004499D3 /* FirebaseAnalyticsWithoutAdIdSupport */; };
		00B184C92B5EDFDB004499D3 /* FirebaseAppCheck in Frameworks */ = {isa = PBXBuildFile; productRef = 00B184C82B5EDFDB004499D3 /* FirebaseAppCheck */; };
		00B184CB2B5EDFDB004499D3 /* FirebaseAppDistribution-Beta in Frameworks */ = {isa = PBXBuildFile; productRef = 00B184CA2B5EDFDB004499D3 /* FirebaseAppDistribution-Beta */; };
		00B184CD2B5EDFDB004499D3 /* FirebaseAuth in Frameworks */ = {isa = PBXBuildFile; productRef = 00B184CC2B5EDFDB004499D3 /* FirebaseAuth */; };
		00B184CF2B5EDFDB004499D3 /* FirebaseAuthCombine-Community in Frameworks */ = {isa = PBXBuildFile; productRef = 00B184CE2B5EDFDB004499D3 /* FirebaseAuthCombine-Community */; };
		00B184D12B5EDFDB004499D3 /* FirebaseCrashlytics in Frameworks */ = {isa = PBXBuildFile; productRef = 00B184D02B5EDFDB004499D3 /* FirebaseCrashlytics */; };
		00B184D32B5EDFDB004499D3 /* FirebaseDatabase in Frameworks */ = {isa = PBXBuildFile; productRef = 00B184D22B5EDFDB004499D3 /* FirebaseDatabase */; };
		00B184D52B5EDFDB004499D3 /* FirebaseDatabaseSwift in Frameworks */ = {isa = PBXBuildFile; productRef = 00B184D42B5EDFDB004499D3 /* FirebaseDatabaseSwift */; };
		00B184D72B5EDFDB004499D3 /* FirebaseDynamicLinks in Frameworks */ = {isa = PBXBuildFile; productRef = 00B184D62B5EDFDB004499D3 /* FirebaseDynamicLinks */; };
		00B184D92B5EDFDB004499D3 /* FirebaseFirestore in Frameworks */ = {isa = PBXBuildFile; productRef = 00B184D82B5EDFDB004499D3 /* FirebaseFirestore */; };
		00B184DB2B5EDFDB004499D3 /* FirebaseFirestoreCombine-Community in Frameworks */ = {isa = PBXBuildFile; productRef = 00B184DA2B5EDFDB004499D3 /* FirebaseFirestoreCombine-Community */; };
		00B184DD2B5EDFDB004499D3 /* FirebaseFirestoreSwift in Frameworks */ = {isa = PBXBuildFile; productRef = 00B184DC2B5EDFDB004499D3 /* FirebaseFirestoreSwift */; };
		00B184DF2B5EDFDB004499D3 /* FirebaseFunctions in Frameworks */ = {isa = PBXBuildFile; productRef = 00B184DE2B5EDFDB004499D3 /* FirebaseFunctions */; };
		00B184E12B5EDFDB004499D3 /* FirebaseFunctionsCombine-Community in Frameworks */ = {isa = PBXBuildFile; productRef = 00B184E02B5EDFDB004499D3 /* FirebaseFunctionsCombine-Community */; };
		00B184E32B5EDFDB004499D3 /* FirebaseInAppMessaging-Beta in Frameworks */ = {isa = PBXBuildFile; productRef = 00B184E22B5EDFDB004499D3 /* FirebaseInAppMessaging-Beta */; };
		00B184E52B5EDFDB004499D3 /* FirebaseInAppMessagingSwift-Beta in Frameworks */ = {isa = PBXBuildFile; productRef = 00B184E42B5EDFDB004499D3 /* FirebaseInAppMessagingSwift-Beta */; };
		00B184E72B5EDFDB004499D3 /* FirebaseInstallations in Frameworks */ = {isa = PBXBuildFile; productRef = 00B184E62B5EDFDB004499D3 /* FirebaseInstallations */; };
		00B184E92B5EDFDB004499D3 /* FirebaseMLModelDownloader in Frameworks */ = {isa = PBXBuildFile; productRef = 00B184E82B5EDFDB004499D3 /* FirebaseMLModelDownloader */; };
		00B184EB2B5EDFDB004499D3 /* FirebaseMessaging in Frameworks */ = {isa = PBXBuildFile; productRef = 00B184EA2B5EDFDB004499D3 /* FirebaseMessaging */; };
		00B184ED2B5EDFDB004499D3 /* FirebasePerformance in Frameworks */ = {isa = PBXBuildFile; productRef = 00B184EC2B5EDFDB004499D3 /* FirebasePerformance */; };
		00B184EF2B5EDFDB004499D3 /* FirebaseRemoteConfig in Frameworks */ = {isa = PBXBuildFile; productRef = 00B184EE2B5EDFDB004499D3 /* FirebaseRemoteConfig */; };
		00B184F12B5EDFDB004499D3 /* FirebaseRemoteConfigSwift in Frameworks */ = {isa = PBXBuildFile; productRef = 00B184F02B5EDFDB004499D3 /* FirebaseRemoteConfigSwift */; };
		00B184F32B5EDFDB004499D3 /* FirebaseStorage in Frameworks */ = {isa = PBXBuildFile; productRef = 00B184F22B5EDFDB004499D3 /* FirebaseStorage */; };
		00B184F52B5EDFDB004499D3 /* FirebaseStorageCombine-Community in Frameworks */ = {isa = PBXBuildFile; productRef = 00B184F42B5EDFDB004499D3 /* FirebaseStorageCombine-Community */; };
		00B184FC2B5EE7F5004499D3 /* Post.swift in Sources */ = {isa = PBXBuildFile; fileRef = 00B184FB2B5EE7F5004499D3 /* Post.swift */; };
		00B184FE2B5EE8AD004499D3 /* PostsList.swift in Sources */ = {isa = PBXBuildFile; fileRef = 00B184FD2B5EE8AD004499D3 /* PostsList.swift */; };
		00B185002B604349004499D3 /* PostRow.swift in Sources */ = {isa = PBXBuildFile; fileRef = 00B184FF2B604349004499D3 /* PostRow.swift */; };
		00B185022B604C63004499D3 /* NewPostForm.swift in Sources */ = {isa = PBXBuildFile; fileRef = 00B185012B604C63004499D3 /* NewPostForm.swift */; };
		00B185062B61A3DD004499D3 /* PostsViewModel.swift in Sources */ = {isa = PBXBuildFile; fileRef = 00B185052B61A3DD004499D3 /* PostsViewModel.swift */; };
		00B185092B621BD5004499D3 /* PostsRepository.swift in Sources */ = {isa = PBXBuildFile; fileRef = 00B185082B621BD5004499D3 /* PostsRepository.swift */; };
		00B1850C2B6369E0004499D3 /* Loadable.swift in Sources */ = {isa = PBXBuildFile; fileRef = 00B1850B2B6369E0004499D3 /* Loadable.swift */; };
		00C3007A2B6BFD1900D8E404 /* MainTabView.swift in Sources */ = {isa = PBXBuildFile; fileRef = 00C300792B6BFD1900D8E404 /* MainTabView.swift */; };
		00C3007D2B6D4C2E00D8E404 /* AuthService.swift in Sources */ = {isa = PBXBuildFile; fileRef = 00C3007C2B6D4C2E00D8E404 /* AuthService.swift */; };
		00C3007F2B6D517400D8E404 /* AuthViewModel.swift in Sources */ = {isa = PBXBuildFile; fileRef = 00C3007E2B6D517400D8E404 /* AuthViewModel.swift */; };
		00C300812B6D530E00D8E404 /* AuthView.swift in Sources */ = {isa = PBXBuildFile; fileRef = 00C300802B6D530E00D8E404 /* AuthView.swift */; };
/* End PBXBuildFile section */

/* Begin PBXFileReference section */
		00396B752B644A5A00E683FD /* GoogleService-Info.plist */ = {isa = PBXFileReference; fileEncoding = 4; lastKnownFileType = text.plist.xml; path = "GoogleService-Info.plist"; sourceTree = "<group>"; };
		007870B82B6A18AC0020077D /* Alert+Error.swift */ = {isa = PBXFileReference; lastKnownFileType = sourcecode.swift; path = "Alert+Error.swift"; sourceTree = "<group>"; };
		007870BA2B6AB4290020077D /* PostRowViewModel.swift */ = {isa = PBXFileReference; lastKnownFileType = sourcecode.swift; path = PostRowViewModel.swift; sourceTree = "<group>"; };
		00B184AE2B5EDE76004499D3 /* SocialAcademy.app */ = {isa = PBXFileReference; explicitFileType = wrapper.application; includeInIndex = 0; path = SocialAcademy.app; sourceTree = BUILT_PRODUCTS_DIR; };
		00B184B12B5EDE76004499D3 /* SocialAcademyApp.swift */ = {isa = PBXFileReference; lastKnownFileType = sourcecode.swift; path = SocialAcademyApp.swift; sourceTree = "<group>"; };
		00B184B52B5EDE77004499D3 /* Assets.xcassets */ = {isa = PBXFileReference; lastKnownFileType = folder.assetcatalog; path = Assets.xcassets; sourceTree = "<group>"; };
		00B184B82B5EDE77004499D3 /* Preview Assets.xcassets */ = {isa = PBXFileReference; lastKnownFileType = folder.assetcatalog; path = "Preview Assets.xcassets"; sourceTree = "<group>"; };
		00B184FB2B5EE7F5004499D3 /* Post.swift */ = {isa = PBXFileReference; lastKnownFileType = sourcecode.swift; path = Post.swift; sourceTree = "<group>"; };
		00B184FD2B5EE8AD004499D3 /* PostsList.swift */ = {isa = PBXFileReference; lastKnownFileType = sourcecode.swift; path = PostsList.swift; sourceTree = "<group>"; };
		00B184FF2B604349004499D3 /* PostRow.swift */ = {isa = PBXFileReference; lastKnownFileType = sourcecode.swift; path = PostRow.swift; sourceTree = "<group>"; };
		00B185012B604C63004499D3 /* NewPostForm.swift */ = {isa = PBXFileReference; lastKnownFileType = sourcecode.swift; path = NewPostForm.swift; sourceTree = "<group>"; };
		00B185052B61A3DD004499D3 /* PostsViewModel.swift */ = {isa = PBXFileReference; lastKnownFileType = sourcecode.swift; path = PostsViewModel.swift; sourceTree = "<group>"; };
		00B185082B621BD5004499D3 /* PostsRepository.swift */ = {isa = PBXFileReference; lastKnownFileType = sourcecode.swift; path = PostsRepository.swift; sourceTree = "<group>"; };
		00B1850B2B6369E0004499D3 /* Loadable.swift */ = {isa = PBXFileReference; lastKnownFileType = sourcecode.swift; path = Loadable.swift; sourceTree = "<group>"; };
		00C300792B6BFD1900D8E404 /* MainTabView.swift */ = {isa = PBXFileReference; lastKnownFileType = sourcecode.swift; path = MainTabView.swift; sourceTree = "<group>"; };
		00C3007C2B6D4C2E00D8E404 /* AuthService.swift */ = {isa = PBXFileReference; lastKnownFileType = sourcecode.swift; path = AuthService.swift; sourceTree = "<group>"; };
		00C3007E2B6D517400D8E404 /* AuthViewModel.swift */ = {isa = PBXFileReference; lastKnownFileType = sourcecode.swift; path = AuthViewModel.swift; sourceTree = "<group>"; };
		00C300802B6D530E00D8E404 /* AuthView.swift */ = {isa = PBXFileReference; lastKnownFileType = sourcecode.swift; path = AuthView.swift; sourceTree = "<group>"; };
/* End PBXFileReference section */

/* Begin PBXFrameworksBuildPhase section */
		00B184AB2B5EDE76004499D3 /* Frameworks */ = {
			isa = PBXFrameworksBuildPhase;
			buildActionMask = 2147483647;
			files = (
				00B184D32B5EDFDB004499D3 /* FirebaseDatabase in Frameworks */,
				00B184E12B5EDFDB004499D3 /* FirebaseFunctionsCombine-Community in Frameworks */,
				00B184D92B5EDFDB004499D3 /* FirebaseFirestore in Frameworks */,
				00B184C52B5EDFDB004499D3 /* FirebaseAnalyticsSwift in Frameworks */,
				00B184C12B5EDFDB004499D3 /* FirebaseAnalytics in Frameworks */,
				00B184C32B5EDFDB004499D3 /* FirebaseAnalyticsOnDeviceConversion in Frameworks */,
				00B184E92B5EDFDB004499D3 /* FirebaseMLModelDownloader in Frameworks */,
				00B184DD2B5EDFDB004499D3 /* FirebaseFirestoreSwift in Frameworks */,
				00B184C92B5EDFDB004499D3 /* FirebaseAppCheck in Frameworks */,
				00B184C72B5EDFDB004499D3 /* FirebaseAnalyticsWithoutAdIdSupport in Frameworks */,
				00B184CD2B5EDFDB004499D3 /* FirebaseAuth in Frameworks */,
				00B184D12B5EDFDB004499D3 /* FirebaseCrashlytics in Frameworks */,
				00B184F12B5EDFDB004499D3 /* FirebaseRemoteConfigSwift in Frameworks */,
				00B184E32B5EDFDB004499D3 /* FirebaseInAppMessaging-Beta in Frameworks */,
				00B184D52B5EDFDB004499D3 /* FirebaseDatabaseSwift in Frameworks */,
				00B184DF2B5EDFDB004499D3 /* FirebaseFunctions in Frameworks */,
				00B184F52B5EDFDB004499D3 /* FirebaseStorageCombine-Community in Frameworks */,
				00B184EF2B5EDFDB004499D3 /* FirebaseRemoteConfig in Frameworks */,
				00B184CB2B5EDFDB004499D3 /* FirebaseAppDistribution-Beta in Frameworks */,
				00B184CF2B5EDFDB004499D3 /* FirebaseAuthCombine-Community in Frameworks */,
				00B184ED2B5EDFDB004499D3 /* FirebasePerformance in Frameworks */,
				00B184E52B5EDFDB004499D3 /* FirebaseInAppMessagingSwift-Beta in Frameworks */,
				00B184F32B5EDFDB004499D3 /* FirebaseStorage in Frameworks */,
				00B184D72B5EDFDB004499D3 /* FirebaseDynamicLinks in Frameworks */,
				00B184DB2B5EDFDB004499D3 /* FirebaseFirestoreCombine-Community in Frameworks */,
				00B184EB2B5EDFDB004499D3 /* FirebaseMessaging in Frameworks */,
				00B184E72B5EDFDB004499D3 /* FirebaseInstallations in Frameworks */,
			);
			runOnlyForDeploymentPostprocessing = 0;
		};
/* End PBXFrameworksBuildPhase section */

/* Begin PBXGroup section */
		007870B72B6A182B0020077D /* Supporting Views */ = {
			isa = PBXGroup;
			children = (
				00B184FF2B604349004499D3 /* PostRow.swift */,
				007870B82B6A18AC0020077D /* Alert+Error.swift */,
			);
			path = "Supporting Views";
			sourceTree = "<group>";
		};
		00B184A52B5EDE76004499D3 = {
			isa = PBXGroup;
			children = (
				00B184B02B5EDE76004499D3 /* SocialAcademy */,
				00B184AF2B5EDE76004499D3 /* Products */,
			);
			sourceTree = "<group>";
		};
		00B184AF2B5EDE76004499D3 /* Products */ = {
			isa = PBXGroup;
			children = (
				00B184AE2B5EDE76004499D3 /* SocialAcademy.app */,
			);
			name = Products;
			sourceTree = "<group>";
		};
		00B184B02B5EDE76004499D3 /* SocialAcademy */ = {
			isa = PBXGroup;
			children = (
				00B184B12B5EDE76004499D3 /* SocialAcademyApp.swift */,
				00C3007B2B6D4C0F00D8E404 /* Services */,
				00B185072B621BAC004499D3 /* Repositories */,
				00B184FA2B5EE7D3004499D3 /* Models */,
				00B185032B61A3B4004499D3 /* ViewModel */,
				00B184F82B5EE6D1004499D3 /* Views */,
				00B1850A2B6369C1004499D3 /* Utilities */,
				00B184F92B5EE6F2004499D3 /* Resources */,
			);
			path = SocialAcademy;
			sourceTree = "<group>";
		};
		00B184B72B5EDE77004499D3 /* Preview Content */ = {
			isa = PBXGroup;
			children = (
				00B184B82B5EDE77004499D3 /* Preview Assets.xcassets */,
			);
			path = "Preview Content";
			sourceTree = "<group>";
		};
		00B184F82B5EE6D1004499D3 /* Views */ = {
			isa = PBXGroup;
			children = (
				00C300792B6BFD1900D8E404 /* MainTabView.swift */,
				00B184FD2B5EE8AD004499D3 /* PostsList.swift */,
				00B185012B604C63004499D3 /* NewPostForm.swift */,
				007870B72B6A182B0020077D /* Supporting Views */,
				00C300802B6D530E00D8E404 /* AuthView.swift */,
			);
			path = Views;
			sourceTree = "<group>";
		};
		00B184F92B5EE6F2004499D3 /* Resources */ = {
			isa = PBXGroup;
			children = (
				00396B752B644A5A00E683FD /* GoogleService-Info.plist */,
				00B184B52B5EDE77004499D3 /* Assets.xcassets */,
				00B184B72B5EDE77004499D3 /* Preview Content */,
			);
			path = Resources;
			sourceTree = "<group>";
		};
		00B184FA2B5EE7D3004499D3 /* Models */ = {
			isa = PBXGroup;
			children = (
				00B184FB2B5EE7F5004499D3 /* Post.swift */,
			);
			path = Models;
			sourceTree = "<group>";
		};
		00B185032B61A3B4004499D3 /* ViewModel */ = {
			isa = PBXGroup;
			children = (
				00B185052B61A3DD004499D3 /* PostsViewModel.swift */,
				007870BA2B6AB4290020077D /* PostRowViewModel.swift */,
				00C3007E2B6D517400D8E404 /* AuthViewModel.swift */,
			);
			path = ViewModel;
			sourceTree = "<group>";
		};
		00B185072B621BAC004499D3 /* Repositories */ = {
			isa = PBXGroup;
			children = (
				00B185082B621BD5004499D3 /* PostsRepository.swift */,
			);
			path = Repositories;
			sourceTree = "<group>";
		};
		00B1850A2B6369C1004499D3 /* Utilities */ = {
			isa = PBXGroup;
			children = (
				00B1850B2B6369E0004499D3 /* Loadable.swift */,
			);
			path = Utilities;
			sourceTree = "<group>";
		};
		00C3007B2B6D4C0F00D8E404 /* Services */ = {
			isa = PBXGroup;
			children = (
				00C3007C2B6D4C2E00D8E404 /* AuthService.swift */,
			);
			path = Services;
			sourceTree = "<group>";
		};
/* End PBXGroup section */

/* Begin PBXNativeTarget section */
		00B184AD2B5EDE76004499D3 /* SocialAcademy */ = {
			isa = PBXNativeTarget;
			buildConfigurationList = 00B184BC2B5EDE77004499D3 /* Build configuration list for PBXNativeTarget "SocialAcademy" */;
			buildPhases = (
				00B184AA2B5EDE76004499D3 /* Sources */,
				00B184AB2B5EDE76004499D3 /* Frameworks */,
				00B184AC2B5EDE76004499D3 /* Resources */,
			);
			buildRules = (
			);
			dependencies = (
			);
			name = SocialAcademy;
			packageProductDependencies = (
				00B184C02B5EDFDB004499D3 /* FirebaseAnalytics */,
				00B184C22B5EDFDB004499D3 /* FirebaseAnalyticsOnDeviceConversion */,
				00B184C42B5EDFDB004499D3 /* FirebaseAnalyticsSwift */,
				00B184C62B5EDFDB004499D3 /* FirebaseAnalyticsWithoutAdIdSupport */,
				00B184C82B5EDFDB004499D3 /* FirebaseAppCheck */,
				00B184CA2B5EDFDB004499D3 /* FirebaseAppDistribution-Beta */,
				00B184CC2B5EDFDB004499D3 /* FirebaseAuth */,
				00B184CE2B5EDFDB004499D3 /* FirebaseAuthCombine-Community */,
				00B184D02B5EDFDB004499D3 /* FirebaseCrashlytics */,
				00B184D22B5EDFDB004499D3 /* FirebaseDatabase */,
				00B184D42B5EDFDB004499D3 /* FirebaseDatabaseSwift */,
				00B184D62B5EDFDB004499D3 /* FirebaseDynamicLinks */,
				00B184D82B5EDFDB004499D3 /* FirebaseFirestore */,
				00B184DA2B5EDFDB004499D3 /* FirebaseFirestoreCombine-Community */,
				00B184DC2B5EDFDB004499D3 /* FirebaseFirestoreSwift */,
				00B184DE2B5EDFDB004499D3 /* FirebaseFunctions */,
				00B184E02B5EDFDB004499D3 /* FirebaseFunctionsCombine-Community */,
				00B184E22B5EDFDB004499D3 /* FirebaseInAppMessaging-Beta */,
				00B184E42B5EDFDB004499D3 /* FirebaseInAppMessagingSwift-Beta */,
				00B184E62B5EDFDB004499D3 /* FirebaseInstallations */,
				00B184E82B5EDFDB004499D3 /* FirebaseMLModelDownloader */,
				00B184EA2B5EDFDB004499D3 /* FirebaseMessaging */,
				00B184EC2B5EDFDB004499D3 /* FirebasePerformance */,
				00B184EE2B5EDFDB004499D3 /* FirebaseRemoteConfig */,
				00B184F02B5EDFDB004499D3 /* FirebaseRemoteConfigSwift */,
				00B184F22B5EDFDB004499D3 /* FirebaseStorage */,
				00B184F42B5EDFDB004499D3 /* FirebaseStorageCombine-Community */,
			);
			productName = SocialAcademy;
			productReference = 00B184AE2B5EDE76004499D3 /* SocialAcademy.app */;
			productType = "com.apple.product-type.application";
		};
/* End PBXNativeTarget section */

/* Begin PBXProject section */
		00B184A62B5EDE76004499D3 /* Project object */ = {
			isa = PBXProject;
			attributes = {
				BuildIndependentTargetsInParallel = 1;
				LastSwiftUpdateCheck = 1520;
				LastUpgradeCheck = 1520;
				TargetAttributes = {
					00B184AD2B5EDE76004499D3 = {
						CreatedOnToolsVersion = 15.2;
					};
				};
			};
			buildConfigurationList = 00B184A92B5EDE76004499D3 /* Build configuration list for PBXProject "SocialAcademy" */;
			compatibilityVersion = "Xcode 14.0";
			developmentRegion = en;
			hasScannedForEncodings = 0;
			knownRegions = (
				en,
				Base,
			);
			mainGroup = 00B184A52B5EDE76004499D3;
			packageReferences = (
				00B184BF2B5EDFDB004499D3 /* XCRemoteSwiftPackageReference "firebase-ios-sdk" */,
			);
			productRefGroup = 00B184AF2B5EDE76004499D3 /* Products */;
			projectDirPath = "";
			projectRoot = "";
			targets = (
				00B184AD2B5EDE76004499D3 /* SocialAcademy */,
			);
		};
/* End PBXProject section */

/* Begin PBXResourcesBuildPhase section */
		00B184AC2B5EDE76004499D3 /* Resources */ = {
			isa = PBXResourcesBuildPhase;
			buildActionMask = 2147483647;
			files = (
				00B184B92B5EDE77004499D3 /* Preview Assets.xcassets in Resources */,
				00B184B62B5EDE77004499D3 /* Assets.xcassets in Resources */,
				00396B762B644A5A00E683FD /* GoogleService-Info.plist in Resources */,
			);
			runOnlyForDeploymentPostprocessing = 0;
		};
/* End PBXResourcesBuildPhase section */

/* Begin PBXSourcesBuildPhase section */
		00B184AA2B5EDE76004499D3 /* Sources */ = {
			isa = PBXSourcesBuildPhase;
			buildActionMask = 2147483647;
			files = (
				00C300812B6D530E00D8E404 /* AuthView.swift in Sources */,
				00B185062B61A3DD004499D3 /* PostsViewModel.swift in Sources */,
				007870BB2B6AB4290020077D /* PostRowViewModel.swift in Sources */,
				00B184FC2B5EE7F5004499D3 /* Post.swift in Sources */,
				00C3007D2B6D4C2E00D8E404 /* AuthService.swift in Sources */,
				00B185092B621BD5004499D3 /* PostsRepository.swift in Sources */,
				00B184B22B5EDE76004499D3 /* SocialAcademyApp.swift in Sources */,
				00C3007A2B6BFD1900D8E404 /* MainTabView.swift in Sources */,
				007870B92B6A18AC0020077D /* Alert+Error.swift in Sources */,
				00B185002B604349004499D3 /* PostRow.swift in Sources */,
				00B1850C2B6369E0004499D3 /* Loadable.swift in Sources */,
				00B184FE2B5EE8AD004499D3 /* PostsList.swift in Sources */,
				00C3007F2B6D517400D8E404 /* AuthViewModel.swift in Sources */,
				00B185022B604C63004499D3 /* NewPostForm.swift in Sources */,
			);
			runOnlyForDeploymentPostprocessing = 0;
		};
/* End PBXSourcesBuildPhase section */

/* Begin XCBuildConfiguration section */
		00B184BA2B5EDE77004499D3 /* Debug */ = {
			isa = XCBuildConfiguration;
			buildSettings = {
				ALWAYS_SEARCH_USER_PATHS = NO;
				ASSETCATALOG_COMPILER_GENERATE_SWIFT_ASSET_SYMBOL_EXTENSIONS = YES;
				CLANG_ANALYZER_NONNULL = YES;
				CLANG_ANALYZER_NUMBER_OBJECT_CONVERSION = YES_AGGRESSIVE;
				CLANG_CXX_LANGUAGE_STANDARD = "gnu++20";
				CLANG_ENABLE_MODULES = YES;
				CLANG_ENABLE_OBJC_ARC = YES;
				CLANG_ENABLE_OBJC_WEAK = YES;
				CLANG_WARN_BLOCK_CAPTURE_AUTORELEASING = YES;
				CLANG_WARN_BOOL_CONVERSION = YES;
				CLANG_WARN_COMMA = YES;
				CLANG_WARN_CONSTANT_CONVERSION = YES;
				CLANG_WARN_DEPRECATED_OBJC_IMPLEMENTATIONS = YES;
				CLANG_WARN_DIRECT_OBJC_ISA_USAGE = YES_ERROR;
				CLANG_WARN_DOCUMENTATION_COMMENTS = YES;
				CLANG_WARN_EMPTY_BODY = YES;
				CLANG_WARN_ENUM_CONVERSION = YES;
				CLANG_WARN_INFINITE_RECURSION = YES;
				CLANG_WARN_INT_CONVERSION = YES;
				CLANG_WARN_NON_LITERAL_NULL_CONVERSION = YES;
				CLANG_WARN_OBJC_IMPLICIT_RETAIN_SELF = YES;
				CLANG_WARN_OBJC_LITERAL_CONVERSION = YES;
				CLANG_WARN_OBJC_ROOT_CLASS = YES_ERROR;
				CLANG_WARN_QUOTED_INCLUDE_IN_FRAMEWORK_HEADER = YES;
				CLANG_WARN_RANGE_LOOP_ANALYSIS = YES;
				CLANG_WARN_STRICT_PROTOTYPES = YES;
				CLANG_WARN_SUSPICIOUS_MOVE = YES;
				CLANG_WARN_UNGUARDED_AVAILABILITY = YES_AGGRESSIVE;
				CLANG_WARN_UNREACHABLE_CODE = YES;
				CLANG_WARN__DUPLICATE_METHOD_MATCH = YES;
				COPY_PHASE_STRIP = NO;
				DEBUG_INFORMATION_FORMAT = dwarf;
				ENABLE_STRICT_OBJC_MSGSEND = YES;
				ENABLE_TESTABILITY = YES;
				ENABLE_USER_SCRIPT_SANDBOXING = YES;
				GCC_C_LANGUAGE_STANDARD = gnu17;
				GCC_DYNAMIC_NO_PIC = NO;
				GCC_NO_COMMON_BLOCKS = YES;
				GCC_OPTIMIZATION_LEVEL = 0;
				GCC_PREPROCESSOR_DEFINITIONS = (
					"DEBUG=1",
					"$(inherited)",
				);
				GCC_WARN_64_TO_32_BIT_CONVERSION = YES;
				GCC_WARN_ABOUT_RETURN_TYPE = YES_ERROR;
				GCC_WARN_UNDECLARED_SELECTOR = YES;
				GCC_WARN_UNINITIALIZED_AUTOS = YES_AGGRESSIVE;
				GCC_WARN_UNUSED_FUNCTION = YES;
				GCC_WARN_UNUSED_VARIABLE = YES;
				IPHONEOS_DEPLOYMENT_TARGET = 17.2;
				LOCALIZATION_PREFERS_STRING_CATALOGS = YES;
				MTL_ENABLE_DEBUG_INFO = INCLUDE_SOURCE;
				MTL_FAST_MATH = YES;
				ONLY_ACTIVE_ARCH = YES;
				SDKROOT = iphoneos;
				SWIFT_ACTIVE_COMPILATION_CONDITIONS = "DEBUG $(inherited)";
				SWIFT_OPTIMIZATION_LEVEL = "-Onone";
			};
			name = Debug;
		};
		00B184BB2B5EDE77004499D3 /* Release */ = {
			isa = XCBuildConfiguration;
			buildSettings = {
				ALWAYS_SEARCH_USER_PATHS = NO;
				ASSETCATALOG_COMPILER_GENERATE_SWIFT_ASSET_SYMBOL_EXTENSIONS = YES;
				CLANG_ANALYZER_NONNULL = YES;
				CLANG_ANALYZER_NUMBER_OBJECT_CONVERSION = YES_AGGRESSIVE;
				CLANG_CXX_LANGUAGE_STANDARD = "gnu++20";
				CLANG_ENABLE_MODULES = YES;
				CLANG_ENABLE_OBJC_ARC = YES;
				CLANG_ENABLE_OBJC_WEAK = YES;
				CLANG_WARN_BLOCK_CAPTURE_AUTORELEASING = YES;
				CLANG_WARN_BOOL_CONVERSION = YES;
				CLANG_WARN_COMMA = YES;
				CLANG_WARN_CONSTANT_CONVERSION = YES;
				CLANG_WARN_DEPRECATED_OBJC_IMPLEMENTATIONS = YES;
				CLANG_WARN_DIRECT_OBJC_ISA_USAGE = YES_ERROR;
				CLANG_WARN_DOCUMENTATION_COMMENTS = YES;
				CLANG_WARN_EMPTY_BODY = YES;
				CLANG_WARN_ENUM_CONVERSION = YES;
				CLANG_WARN_INFINITE_RECURSION = YES;
				CLANG_WARN_INT_CONVERSION = YES;
				CLANG_WARN_NON_LITERAL_NULL_CONVERSION = YES;
				CLANG_WARN_OBJC_IMPLICIT_RETAIN_SELF = YES;
				CLANG_WARN_OBJC_LITERAL_CONVERSION = YES;
				CLANG_WARN_OBJC_ROOT_CLASS = YES_ERROR;
				CLANG_WARN_QUOTED_INCLUDE_IN_FRAMEWORK_HEADER = YES;
				CLANG_WARN_RANGE_LOOP_ANALYSIS = YES;
				CLANG_WARN_STRICT_PROTOTYPES = YES;
				CLANG_WARN_SUSPICIOUS_MOVE = YES;
				CLANG_WARN_UNGUARDED_AVAILABILITY = YES_AGGRESSIVE;
				CLANG_WARN_UNREACHABLE_CODE = YES;
				CLANG_WARN__DUPLICATE_METHOD_MATCH = YES;
				COPY_PHASE_STRIP = NO;
				DEBUG_INFORMATION_FORMAT = "dwarf-with-dsym";
				ENABLE_NS_ASSERTIONS = NO;
				ENABLE_STRICT_OBJC_MSGSEND = YES;
				ENABLE_USER_SCRIPT_SANDBOXING = YES;
				GCC_C_LANGUAGE_STANDARD = gnu17;
				GCC_NO_COMMON_BLOCKS = YES;
				GCC_WARN_64_TO_32_BIT_CONVERSION = YES;
				GCC_WARN_ABOUT_RETURN_TYPE = YES_ERROR;
				GCC_WARN_UNDECLARED_SELECTOR = YES;
				GCC_WARN_UNINITIALIZED_AUTOS = YES_AGGRESSIVE;
				GCC_WARN_UNUSED_FUNCTION = YES;
				GCC_WARN_UNUSED_VARIABLE = YES;
				IPHONEOS_DEPLOYMENT_TARGET = 17.2;
				LOCALIZATION_PREFERS_STRING_CATALOGS = YES;
				MTL_ENABLE_DEBUG_INFO = NO;
				MTL_FAST_MATH = YES;
				SDKROOT = iphoneos;
				SWIFT_COMPILATION_MODE = wholemodule;
				VALIDATE_PRODUCT = YES;
			};
			name = Release;
		};
		00B184BD2B5EDE77004499D3 /* Debug */ = {
			isa = XCBuildConfiguration;
			buildSettings = {
				ASSETCATALOG_COMPILER_APPICON_NAME = AppIcon;
				ASSETCATALOG_COMPILER_GLOBAL_ACCENT_COLOR_NAME = AccentColor;
				CODE_SIGN_STYLE = Automatic;
				CURRENT_PROJECT_VERSION = 1;
				DEVELOPMENT_ASSET_PATHS = "SocialAcademy/Resources/Preview\\ Content";
				DEVELOPMENT_TEAM = V6DG8SQQ9J;
				ENABLE_PREVIEWS = YES;
				GENERATE_INFOPLIST_FILE = YES;
				INFOPLIST_KEY_UIApplicationSceneManifest_Generation = YES;
				INFOPLIST_KEY_UIApplicationSupportsIndirectInputEvents = YES;
				INFOPLIST_KEY_UILaunchScreen_Generation = YES;
				INFOPLIST_KEY_UISupportedInterfaceOrientations_iPad = "UIInterfaceOrientationPortrait UIInterfaceOrientationPortraitUpsideDown UIInterfaceOrientationLandscapeLeft UIInterfaceOrientationLandscapeRight";
				INFOPLIST_KEY_UISupportedInterfaceOrientations_iPhone = "UIInterfaceOrientationPortrait UIInterfaceOrientationLandscapeLeft UIInterfaceOrientationLandscapeRight";
				LD_RUNPATH_SEARCH_PATHS = (
					"$(inherited)",
					"@executable_path/Frameworks",
				);
				MARKETING_VERSION = 1.0;
				PRODUCT_BUNDLE_IDENTIFIER = com.kadm.SocialAcademy;
				PRODUCT_NAME = "$(TARGET_NAME)";
				SWIFT_EMIT_LOC_STRINGS = YES;
				SWIFT_VERSION = 5.0;
				TARGETED_DEVICE_FAMILY = "1,2";
			};
			name = Debug;
		};
		00B184BE2B5EDE77004499D3 /* Release */ = {
			isa = XCBuildConfiguration;
			buildSettings = {
				ASSETCATALOG_COMPILER_APPICON_NAME = AppIcon;
				ASSETCATALOG_COMPILER_GLOBAL_ACCENT_COLOR_NAME = AccentColor;
				CODE_SIGN_STYLE = Automatic;
				CURRENT_PROJECT_VERSION = 1;
				DEVELOPMENT_ASSET_PATHS = "SocialAcademy/Resources/Preview\\ Content";
				DEVELOPMENT_TEAM = V6DG8SQQ9J;
				ENABLE_PREVIEWS = YES;
				GENERATE_INFOPLIST_FILE = YES;
				INFOPLIST_KEY_UIApplicationSceneManifest_Generation = YES;
				INFOPLIST_KEY_UIApplicationSupportsIndirectInputEvents = YES;
				INFOPLIST_KEY_UILaunchScreen_Generation = YES;
				INFOPLIST_KEY_UISupportedInterfaceOrientations_iPad = "UIInterfaceOrientationPortrait UIInterfaceOrientationPortraitUpsideDown UIInterfaceOrientationLandscapeLeft UIInterfaceOrientationLandscapeRight";
				INFOPLIST_KEY_UISupportedInterfaceOrientations_iPhone = "UIInterfaceOrientationPortrait UIInterfaceOrientationLandscapeLeft UIInterfaceOrientationLandscapeRight";
				LD_RUNPATH_SEARCH_PATHS = (
					"$(inherited)",
					"@executable_path/Frameworks",
				);
				MARKETING_VERSION = 1.0;
				PRODUCT_BUNDLE_IDENTIFIER = com.kadm.SocialAcademy;
				PRODUCT_NAME = "$(TARGET_NAME)";
				SWIFT_EMIT_LOC_STRINGS = YES;
				SWIFT_VERSION = 5.0;
				TARGETED_DEVICE_FAMILY = "1,2";
			};
			name = Release;
		};
/* End XCBuildConfiguration section */

/* Begin XCConfigurationList section */
		00B184A92B5EDE76004499D3 /* Build configuration list for PBXProject "SocialAcademy" */ = {
			isa = XCConfigurationList;
			buildConfigurations = (
				00B184BA2B5EDE77004499D3 /* Debug */,
				00B184BB2B5EDE77004499D3 /* Release */,
			);
			defaultConfigurationIsVisible = 0;
			defaultConfigurationName = Release;
		};
		00B184BC2B5EDE77004499D3 /* Build configuration list for PBXNativeTarget "SocialAcademy" */ = {
			isa = XCConfigurationList;
			buildConfigurations = (
				00B184BD2B5EDE77004499D3 /* Debug */,
				00B184BE2B5EDE77004499D3 /* Release */,
			);
			defaultConfigurationIsVisible = 0;
			defaultConfigurationName = Release;
		};
/* End XCConfigurationList section */

/* Begin XCRemoteSwiftPackageReference section */
		00B184BF2B5EDFDB004499D3 /* XCRemoteSwiftPackageReference "firebase-ios-sdk" */ = {
			isa = XCRemoteSwiftPackageReference;
			repositoryURL = "https://github.com/firebase/firebase-ios-sdk.git";
			requirement = {
				kind = upToNextMajorVersion;
				minimumVersion = 10.20.0;
			};
		};
/* End XCRemoteSwiftPackageReference section */

/* Begin XCSwiftPackageProductDependency section */
		00B184C02B5EDFDB004499D3 /* FirebaseAnalytics */ = {
			isa = XCSwiftPackageProductDependency;
			package = 00B184BF2B5EDFDB004499D3 /* XCRemoteSwiftPackageReference "firebase-ios-sdk" */;
			productName = FirebaseAnalytics;
		};
		00B184C22B5EDFDB004499D3 /* FirebaseAnalyticsOnDeviceConversion */ = {
			isa = XCSwiftPackageProductDependency;
			package = 00B184BF2B5EDFDB004499D3 /* XCRemoteSwiftPackageReference "firebase-ios-sdk" */;
			productName = FirebaseAnalyticsOnDeviceConversion;
		};
		00B184C42B5EDFDB004499D3 /* FirebaseAnalyticsSwift */ = {
			isa = XCSwiftPackageProductDependency;
			package = 00B184BF2B5EDFDB004499D3 /* XCRemoteSwiftPackageReference "firebase-ios-sdk" */;
			productName = FirebaseAnalyticsSwift;
		};
		00B184C62B5EDFDB004499D3 /* FirebaseAnalyticsWithoutAdIdSupport */ = {
			isa = XCSwiftPackageProductDependency;
			package = 00B184BF2B5EDFDB004499D3 /* XCRemoteSwiftPackageReference "firebase-ios-sdk" */;
			productName = FirebaseAnalyticsWithoutAdIdSupport;
		};
		00B184C82B5EDFDB004499D3 /* FirebaseAppCheck */ = {
			isa = XCSwiftPackageProductDependency;
			package = 00B184BF2B5EDFDB004499D3 /* XCRemoteSwiftPackageReference "firebase-ios-sdk" */;
			productName = FirebaseAppCheck;
		};
		00B184CA2B5EDFDB004499D3 /* FirebaseAppDistribution-Beta */ = {
			isa = XCSwiftPackageProductDependency;
			package = 00B184BF2B5EDFDB004499D3 /* XCRemoteSwiftPackageReference "firebase-ios-sdk" */;
			productName = "FirebaseAppDistribution-Beta";
		};
		00B184CC2B5EDFDB004499D3 /* FirebaseAuth */ = {
			isa = XCSwiftPackageProductDependency;
			package = 00B184BF2B5EDFDB004499D3 /* XCRemoteSwiftPackageReference "firebase-ios-sdk" */;
			productName = FirebaseAuth;
		};
		00B184CE2B5EDFDB004499D3 /* FirebaseAuthCombine-Community */ = {
			isa = XCSwiftPackageProductDependency;
			package = 00B184BF2B5EDFDB004499D3 /* XCRemoteSwiftPackageReference "firebase-ios-sdk" */;
			productName = "FirebaseAuthCombine-Community";
		};
		00B184D02B5EDFDB004499D3 /* FirebaseCrashlytics */ = {
			isa = XCSwiftPackageProductDependency;
			package = 00B184BF2B5EDFDB004499D3 /* XCRemoteSwiftPackageReference "firebase-ios-sdk" */;
			productName = FirebaseCrashlytics;
		};
		00B184D22B5EDFDB004499D3 /* FirebaseDatabase */ = {
			isa = XCSwiftPackageProductDependency;
			package = 00B184BF2B5EDFDB004499D3 /* XCRemoteSwiftPackageReference "firebase-ios-sdk" */;
			productName = FirebaseDatabase;
		};
		00B184D42B5EDFDB004499D3 /* FirebaseDatabaseSwift */ = {
			isa = XCSwiftPackageProductDependency;
			package = 00B184BF2B5EDFDB004499D3 /* XCRemoteSwiftPackageReference "firebase-ios-sdk" */;
			productName = FirebaseDatabaseSwift;
		};
		00B184D62B5EDFDB004499D3 /* FirebaseDynamicLinks */ = {
			isa = XCSwiftPackageProductDependency;
			package = 00B184BF2B5EDFDB004499D3 /* XCRemoteSwiftPackageReference "firebase-ios-sdk" */;
			productName = FirebaseDynamicLinks;
		};
		00B184D82B5EDFDB004499D3 /* FirebaseFirestore */ = {
			isa = XCSwiftPackageProductDependency;
			package = 00B184BF2B5EDFDB004499D3 /* XCRemoteSwiftPackageReference "firebase-ios-sdk" */;
			productName = FirebaseFirestore;
		};
		00B184DA2B5EDFDB004499D3 /* FirebaseFirestoreCombine-Community */ = {
			isa = XCSwiftPackageProductDependency;
			package = 00B184BF2B5EDFDB004499D3 /* XCRemoteSwiftPackageReference "firebase-ios-sdk" */;
			productName = "FirebaseFirestoreCombine-Community";
		};
		00B184DC2B5EDFDB004499D3 /* FirebaseFirestoreSwift */ = {
			isa = XCSwiftPackageProductDependency;
			package = 00B184BF2B5EDFDB004499D3 /* XCRemoteSwiftPackageReference "firebase-ios-sdk" */;
			productName = FirebaseFirestoreSwift;
		};
		00B184DE2B5EDFDB004499D3 /* FirebaseFunctions */ = {
			isa = XCSwiftPackageProductDependency;
			package = 00B184BF2B5EDFDB004499D3 /* XCRemoteSwiftPackageReference "firebase-ios-sdk" */;
			productName = FirebaseFunctions;
		};
		00B184E02B5EDFDB004499D3 /* FirebaseFunctionsCombine-Community */ = {
			isa = XCSwiftPackageProductDependency;
			package = 00B184BF2B5EDFDB004499D3 /* XCRemoteSwiftPackageReference "firebase-ios-sdk" */;
			productName = "FirebaseFunctionsCombine-Community";
		};
		00B184E22B5EDFDB004499D3 /* FirebaseInAppMessaging-Beta */ = {
			isa = XCSwiftPackageProductDependency;
			package = 00B184BF2B5EDFDB004499D3 /* XCRemoteSwiftPackageReference "firebase-ios-sdk" */;
			productName = "FirebaseInAppMessaging-Beta";
		};
		00B184E42B5EDFDB004499D3 /* FirebaseInAppMessagingSwift-Beta */ = {
			isa = XCSwiftPackageProductDependency;
			package = 00B184BF2B5EDFDB004499D3 /* XCRemoteSwiftPackageReference "firebase-ios-sdk" */;
			productName = "FirebaseInAppMessagingSwift-Beta";
		};
		00B184E62B5EDFDB004499D3 /* FirebaseInstallations */ = {
			isa = XCSwiftPackageProductDependency;
			package = 00B184BF2B5EDFDB004499D3 /* XCRemoteSwiftPackageReference "firebase-ios-sdk" */;
			productName = FirebaseInstallations;
		};
		00B184E82B5EDFDB004499D3 /* FirebaseMLModelDownloader */ = {
			isa = XCSwiftPackageProductDependency;
			package = 00B184BF2B5EDFDB004499D3 /* XCRemoteSwiftPackageReference "firebase-ios-sdk" */;
			productName = FirebaseMLModelDownloader;
		};
		00B184EA2B5EDFDB004499D3 /* FirebaseMessaging */ = {
			isa = XCSwiftPackageProductDependency;
			package = 00B184BF2B5EDFDB004499D3 /* XCRemoteSwiftPackageReference "firebase-ios-sdk" */;
			productName = FirebaseMessaging;
		};
		00B184EC2B5EDFDB004499D3 /* FirebasePerformance */ = {
			isa = XCSwiftPackageProductDependency;
			package = 00B184BF2B5EDFDB004499D3 /* XCRemoteSwiftPackageReference "firebase-ios-sdk" */;
			productName = FirebasePerformance;
		};
		00B184EE2B5EDFDB004499D3 /* FirebaseRemoteConfig */ = {
			isa = XCSwiftPackageProductDependency;
			package = 00B184BF2B5EDFDB004499D3 /* XCRemoteSwiftPackageReference "firebase-ios-sdk" */;
			productName = FirebaseRemoteConfig;
		};
		00B184F02B5EDFDB004499D3 /* FirebaseRemoteConfigSwift */ = {
			isa = XCSwiftPackageProductDependency;
			package = 00B184BF2B5EDFDB004499D3 /* XCRemoteSwiftPackageReference "firebase-ios-sdk" */;
			productName = FirebaseRemoteConfigSwift;
		};
		00B184F22B5EDFDB004499D3 /* FirebaseStorage */ = {
			isa = XCSwiftPackageProductDependency;
			package = 00B184BF2B5EDFDB004499D3 /* XCRemoteSwiftPackageReference "firebase-ios-sdk" */;
			productName = FirebaseStorage;
		};
		00B184F42B5EDFDB004499D3 /* FirebaseStorageCombine-Community */ = {
			isa = XCSwiftPackageProductDependency;
			package = 00B184BF2B5EDFDB004499D3 /* XCRemoteSwiftPackageReference "firebase-ios-sdk" */;
			productName = "FirebaseStorageCombine-Community";
		};
/* End XCSwiftPackageProductDependency section */
	};
	rootObject = 00B184A62B5EDE76004499D3 /* Project object */;
}
